// !$*UTF8*$!
{
	archiveVersion = 1;
	classes = {
	};
	objectVersion = 46;
	objects = {

/* Begin PBXBuildFile section */
		CC2EEB3219C2385D00A72CB1 /* AppDelegate.swift in Sources */ = {isa = PBXBuildFile; fileRef = CC2EEB3119C2385D00A72CB1 /* AppDelegate.swift */; };
		CC2EEB3419C2385D00A72CB1 /* ViewController.swift in Sources */ = {isa = PBXBuildFile; fileRef = CC2EEB3319C2385D00A72CB1 /* ViewController.swift */; };
		CC2EEB3719C2385D00A72CB1 /* Main.storyboard in Resources */ = {isa = PBXBuildFile; fileRef = CC2EEB3519C2385D00A72CB1 /* Main.storyboard */; };
		CC2EEB3919C2385D00A72CB1 /* Images.xcassets in Resources */ = {isa = PBXBuildFile; fileRef = CC2EEB3819C2385D00A72CB1 /* Images.xcassets */; };
		CC2EEB4519C2385D00A72CB1 /* PostcardTests.swift in Sources */ = {isa = PBXBuildFile; fileRef = CC2EEB4419C2385D00A72CB1 /* PostcardTests.swift */; };
/* End PBXBuildFile section */

/* Begin PBXContainerItemProxy section */
		CC2EEB3F19C2385D00A72CB1 /* PBXContainerItemProxy */ = {
			isa = PBXContainerItemProxy;
			containerPortal = CC2EEB2419C2385C00A72CB1 /* Project object */;
			proxyType = 1;
			remoteGlobalIDString = CC2EEB2B19C2385D00A72CB1;
			remoteInfo = Postcard;
		};
/* End PBXContainerItemProxy section */

/* Begin PBXFileReference section */
		CC2EEB2C19C2385D00A72CB1 /* Postcard.app */ = {isa = PBXFileReference; explicitFileType = wrapper.application; includeInIndex = 0; path = Postcard.app; sourceTree = BUILT_PRODUCTS_DIR; };
		CC2EEB3019C2385D00A72CB1 /* Info.plist */ = {isa = PBXFileReference; lastKnownFileType = text.plist.xml; path = Info.plist; sourceTree = "<group>"; };
		CC2EEB3119C2385D00A72CB1 /* AppDelegate.swift */ = {isa = PBXFileReference; lastKnownFileType = sourcecode.swift; path = AppDelegate.swift; sourceTree = "<group>"; };
		CC2EEB3319C2385D00A72CB1 /* ViewController.swift */ = {isa = PBXFileReference; lastKnownFileType = sourcecode.swift; path = ViewController.swift; sourceTree = "<group>"; };
		CC2EEB3619C2385D00A72CB1 /* Base */ = {isa = PBXFileReference; lastKnownFileType = file.storyboard; name = Base; path = Base.lproj/Main.storyboard; sourceTree = "<group>"; };
		CC2EEB3819C2385D00A72CB1 /* Images.xcassets */ = {isa = PBXFileReference; lastKnownFileType = folder.assetcatalog; path = Images.xcassets; sourceTree = "<group>"; };
		CC2EEB3E19C2385D00A72CB1 /* PostcardTests.xctest */ = {isa = PBXFileReference; explicitFileType = wrapper.cfbundle; includeInIndex = 0; path = PostcardTests.xctest; sourceTree = BUILT_PRODUCTS_DIR; };
		CC2EEB4319C2385D00A72CB1 /* Info.plist */ = {isa = PBXFileReference; lastKnownFileType = text.plist.xml; path = Info.plist; sourceTree = "<group>"; };
		CC2EEB4419C2385D00A72CB1 /* PostcardTests.swift */ = {isa = PBXFileReference; lastKnownFileType = sourcecode.swift; path = PostcardTests.swift; sourceTree = "<group>"; };
/* End PBXFileReference section */

/* Begin PBXFrameworksBuildPhase section */
		CC2EEB2919C2385D00A72CB1 /* Frameworks */ = {
			isa = PBXFrameworksBuildPhase;
			buildActionMask = 2147483647;
			files = (
			);
			runOnlyForDeploymentPostprocessing = 0;
		};
		CC2EEB3B19C2385D00A72CB1 /* Frameworks */ = {
			isa = PBXFrameworksBuildPhase;
			buildActionMask = 2147483647;
			files = (
			);
			runOnlyForDeploymentPostprocessing = 0;
		};
/* End PBXFrameworksBuildPhase section */

/* Begin PBXGroup section */
		CC2EEB2319C2385C00A72CB1 = {
			isa = PBXGroup;
			children = (
				CC2EEB2E19C2385D00A72CB1 /* Postcard */,
				CC2EEB4119C2385D00A72CB1 /* PostcardTests */,
				CC2EEB2D19C2385D00A72CB1 /* Products */,
			);
			sourceTree = "<group>";
		};
		CC2EEB2D19C2385D00A72CB1 /* Products */ = {
			isa = PBXGroup;
			children = (
				CC2EEB2C19C2385D00A72CB1 /* Postcard.app */,
				CC2EEB3E19C2385D00A72CB1 /* PostcardTests.xctest */,
			);
			name = Products;
			sourceTree = "<group>";
		};
		CC2EEB2E19C2385D00A72CB1 /* Postcard */ = {
			isa = PBXGroup;
			children = (
				CC2EEB3119C2385D00A72CB1 /* AppDelegate.swift */,
				CC2EEB3319C2385D00A72CB1 /* ViewController.swift */,
				CC2EEB3519C2385D00A72CB1 /* Main.storyboard */,
				CC2EEB3819C2385D00A72CB1 /* Images.xcassets */,
				CC2EEB2F19C2385D00A72CB1 /* Supporting Files */,
			);
			path = Postcard;
			sourceTree = "<group>";
		};
		CC2EEB2F19C2385D00A72CB1 /* Supporting Files */ = {
			isa = PBXGroup;
			children = (
				CC2EEB3019C2385D00A72CB1 /* Info.plist */,
			);
			name = "Supporting Files";
			sourceTree = "<group>";
		};
		CC2EEB4119C2385D00A72CB1 /* PostcardTests */ = {
			isa = PBXGroup;
			children = (
				CC2EEB4419C2385D00A72CB1 /* PostcardTests.swift */,
				CC2EEB4219C2385D00A72CB1 /* Supporting Files */,
			);
			path = PostcardTests;
			sourceTree = "<group>";
		};
		CC2EEB4219C2385D00A72CB1 /* Supporting Files */ = {
			isa = PBXGroup;
			children = (
				CC2EEB4319C2385D00A72CB1 /* Info.plist */,
			);
			name = "Supporting Files";
			sourceTree = "<group>";
		};
/* End PBXGroup section */

/* Begin PBXNativeTarget section */
		CC2EEB2B19C2385D00A72CB1 /* Postcard */ = {
			isa = PBXNativeTarget;
			buildConfigurationList = CC2EEB4819C2385D00A72CB1 /* Build configuration list for PBXNativeTarget "Postcard" */;
			buildPhases = (
				CC2EEB2819C2385D00A72CB1 /* Sources */,
				CC2EEB2919C2385D00A72CB1 /* Frameworks */,
				CC2EEB2A19C2385D00A72CB1 /* Resources */,
			);
			buildRules = (
			);
			dependencies = (
			);
			name = Postcard;
			productName = Postcard;
			productReference = CC2EEB2C19C2385D00A72CB1 /* Postcard.app */;
			productType = "com.apple.product-type.application";
		};
		CC2EEB3D19C2385D00A72CB1 /* PostcardTests */ = {
			isa = PBXNativeTarget;
			buildConfigurationList = CC2EEB4B19C2385D00A72CB1 /* Build configuration list for PBXNativeTarget "PostcardTests" */;
			buildPhases = (
				CC2EEB3A19C2385D00A72CB1 /* Sources */,
				CC2EEB3B19C2385D00A72CB1 /* Frameworks */,
				CC2EEB3C19C2385D00A72CB1 /* Resources */,
			);
			buildRules = (
			);
			dependencies = (
				CC2EEB4019C2385D00A72CB1 /* PBXTargetDependency */,
			);
			name = PostcardTests;
			productName = PostcardTests;
			productReference = CC2EEB3E19C2385D00A72CB1 /* PostcardTests.xctest */;
			productType = "com.apple.product-type.bundle.unit-test";
		};
/* End PBXNativeTarget section */

/* Begin PBXProject section */
		CC2EEB2419C2385C00A72CB1 /* Project object */ = {
			isa = PBXProject;
			attributes = {
				LastUpgradeCheck = 0600;
				ORGANIZATIONNAME = "Tom Brunkow";
				TargetAttributes = {
					CC2EEB2B19C2385D00A72CB1 = {
						CreatedOnToolsVersion = 6.0;
					};
					CC2EEB3D19C2385D00A72CB1 = {
						CreatedOnToolsVersion = 6.0;
						TestTargetID = CC2EEB2B19C2385D00A72CB1;
					};
				};
			};
			buildConfigurationList = CC2EEB2719C2385C00A72CB1 /* Build configuration list for PBXProject "Postcard" */;
			compatibilityVersion = "Xcode 3.2";
			developmentRegion = English;
			hasScannedForEncodings = 0;
			knownRegions = (
				en,
				Base,
			);
			mainGroup = CC2EEB2319C2385C00A72CB1;
			productRefGroup = CC2EEB2D19C2385D00A72CB1 /* Products */;
			projectDirPath = "";
			projectRoot = "";
			targets = (
				CC2EEB2B19C2385D00A72CB1 /* Postcard */,
				CC2EEB3D19C2385D00A72CB1 /* PostcardTests */,
			);
		};
/* End PBXProject section */

/* Begin PBXResourcesBuildPhase section */
		CC2EEB2A19C2385D00A72CB1 /* Resources */ = {
			isa = PBXResourcesBuildPhase;
			buildActionMask = 2147483647;
			files = (
				CC2EEB3719C2385D00A72CB1 /* Main.storyboard in Resources */,
				CC2EEB3919C2385D00A72CB1 /* Images.xcassets in Resources */,
			);
			runOnlyForDeploymentPostprocessing = 0;
		};
		CC2EEB3C19C2385D00A72CB1 /* Resources */ = {
			isa = PBXResourcesBuildPhase;
			buildActionMask = 2147483647;
			files = (
			);
			runOnlyForDeploymentPostprocessing = 0;
		};
/* End PBXResourcesBuildPhase section */

/* Begin PBXSourcesBuildPhase section */
		CC2EEB2819C2385D00A72CB1 /* Sources */ = {
			isa = PBXSourcesBuildPhase;
			buildActionMask = 2147483647;
			files = (
				CC2EEB3419C2385D00A72CB1 /* ViewController.swift in Sources */,
				CC2EEB3219C2385D00A72CB1 /* AppDelegate.swift in Sources */,
			);
			runOnlyForDeploymentPostprocessing = 0;
		};
		CC2EEB3A19C2385D00A72CB1 /* Sources */ = {
			isa = PBXSourcesBuildPhase;
			buildActionMask = 2147483647;
			files = (
				CC2EEB4519C2385D00A72CB1 /* PostcardTests.swift in Sources */,
			);
			runOnlyForDeploymentPostprocessing = 0;
		};
/* End PBXSourcesBuildPhase section */

/* Begin PBXTargetDependency section */
		CC2EEB4019C2385D00A72CB1 /* PBXTargetDependency */ = {
			isa = PBXTargetDependency;
			target = CC2EEB2B19C2385D00A72CB1 /* Postcard */;
			targetProxy = CC2EEB3F19C2385D00A72CB1 /* PBXContainerItemProxy */;
		};
/* End PBXTargetDependency section */

/* Begin PBXVariantGroup section */
		CC2EEB3519C2385D00A72CB1 /* Main.storyboard */ = {
			isa = PBXVariantGroup;
			children = (
				CC2EEB3619C2385D00A72CB1 /* Base */,
			);
			name = Main.storyboard;
			sourceTree = "<group>";
		};
/* End PBXVariantGroup section */

/* Begin XCBuildConfiguration section */
		CC2EEB4619C2385D00A72CB1 /* Debug */ = {
			isa = XCBuildConfiguration;
			buildSettings = {
				ALWAYS_SEARCH_USER_PATHS = NO;
				CLANG_CXX_LANGUAGE_STANDARD = "gnu++0x";
				CLANG_CXX_LIBRARY = "libc++";
				CLANG_ENABLE_MODULES = YES;
				CLANG_ENABLE_OBJC_ARC = YES;
				CLANG_WARN_BOOL_CONVERSION = YES;
				CLANG_WARN_CONSTANT_CONVERSION = YES;
				CLANG_WARN_DIRECT_OBJC_ISA_USAGE = YES_ERROR;
				CLANG_WARN_EMPTY_BODY = YES;
				CLANG_WARN_ENUM_CONVERSION = YES;
				CLANG_WARN_INT_CONVERSION = YES;
				CLANG_WARN_OBJC_ROOT_CLASS = YES_ERROR;
				CLANG_WARN_UNREACHABLE_CODE = YES;
				CLANG_WARN__DUPLICATE_METHOD_MATCH = YES;
				"CODE_SIGN_IDENTITY[sdk=iphoneos*]" = "iPhone Developer";
				COPY_PHASE_STRIP = NO;
				ENABLE_STRICT_OBJC_MSGSEND = YES;
				GCC_C_LANGUAGE_STANDARD = gnu99;
				GCC_DYNAMIC_NO_PIC = NO;
				GCC_OPTIMIZATION_LEVEL = 0;
				GCC_PREPROCESSOR_DEFINITIONS = (
					"DEBUG=1",
					"$(inherited)",
				);
				GCC_SYMBOLS_PRIVATE_EXTERN = NO;
				GCC_WARN_64_TO_32_BIT_CONVERSION = YES;
				GCC_WARN_ABOUT_RETURN_TYPE = YES_ERROR;
				GCC_WARN_UNDECLARED_SELECTOR = YES;
				GCC_WARN_UNINITIALIZED_AUTOS = YES_AGGRESSIVE;
				GCC_WARN_UNUSED_FUNCTION = YES;
				GCC_WARN_UNUSED_VARIABLE = YES;
				IPHONEOS_DEPLOYMENT_TARGET = 8.0;
				MTL_ENABLE_DEBUG_INFO = YES;
				ONLY_ACTIVE_ARCH = YES;
				SDKROOT = iphoneos;
				SWIFT_OPTIMIZATION_LEVEL = "-Onone";
			};
			name = Debug;
		};
		CC2EEB4719C2385D00A72CB1 /* Release */ = {
			isa = XCBuildConfiguration;
			buildSettings = {
				ALWAYS_SEARCH_USER_PATHS = NO;
				CLANG_CXX_LANGUAGE_STANDARD = "gnu++0x";
				CLANG_CXX_LIBRARY = "libc++";
				CLANG_ENABLE_MODULES = YES;
				CLANG_ENABLE_OBJC_ARC = YES;
				CLANG_WARN_BOOL_CONVERSION = YES;
				CLANG_WARN_CONSTANT_CONVERSION = YES;
				CLANG_WARN_DIRECT_OBJC_ISA_USAGE = YES_ERROR;
				CLANG_WARN_EMPTY_BODY = YES;
				CLANG_WARN_ENUM_CONVERSION = YES;
				CLANG_WARN_INT_CONVERSION = YES;
				CLANG_WARN_OBJC_ROOT_CLASS = YES_ERROR;
				CLANG_WARN_UNREACHABLE_CODE = YES;
				CLANG_WARN__DUPLICATE_METHOD_MATCH = YES;
				"CODE_SIGN_IDENTITY[sdk=iphoneos*]" = "iPhone Developer";
				COPY_PHASE_STRIP = YES;
				ENABLE_NS_ASSERTIONS = NO;
				ENABLE_STRICT_OBJC_MSGSEND = YES;
				GCC_C_LANGUAGE_STANDARD = gnu99;
				GCC_WARN_64_TO_32_BIT_CONVERSION = YES;
				GCC_WARN_ABOUT_RETURN_TYPE = YES_ERROR;
				GCC_WARN_UNDECLARED_SELECTOR = YES;
				GCC_WARN_UNINITIALIZED_AUTOS = YES_AGGRESSIVE;
				GCC_WARN_UNUSED_FUNCTION = YES;
				GCC_WARN_UNUSED_VARIABLE = YES;
				IPHONEOS_DEPLOYMENT_TARGET = 8.0;
				MTL_ENABLE_DEBUG_INFO = NO;
				SDKROOT = iphoneos;
				VALIDATE_PRODUCT = YES;
			};
			name = Release;
		};
		CC2EEB4919C2385D00A72CB1 /* Debug */ = {
			isa = XCBuildConfiguration;
			buildSettings = {
				ASSETCATALOG_COMPILER_APPICON_NAME = AppIcon;
				ASSETCATALOG_COMPILER_LAUNCHIMAGE_NAME = LaunchImage;
				INFOPLIST_FILE = Postcard/Info.plist;
				LD_RUNPATH_SEARCH_PATHS = "$(inherited) @executable_path/Frameworks";
				PRODUCT_NAME = "$(TARGET_NAME)";
			};
			name = Debug;
		};
		CC2EEB4A19C2385D00A72CB1 /* Release */ = {
			isa = XCBuildConfiguration;
			buildSettings = {
				ASSETCATALOG_COMPILER_APPICON_NAME = AppIcon;
				ASSETCATALOG_COMPILER_LAUNCHIMAGE_NAME = LaunchImage;
				INFOPLIST_FILE = Postcard/Info.plist;
				LD_RUNPATH_SEARCH_PATHS = "$(inherited) @executable_path/Frameworks";
				PRODUCT_NAME = "$(TARGET_NAME)";
			};
			name = Release;
		};
		CC2EEB4C19C2385D00A72CB1 /* Debug */ = {
			isa = XCBuildConfiguration;
			buildSettings = {
				BUNDLE_LOADER = "$(TEST_HOST)";
				FRAMEWORK_SEARCH_PATHS = (
					"$(SDKROOT)/Developer/Library/Frameworks",
					"$(inherited)",
				);
				GCC_PREPROCESSOR_DEFINITIONS = (
					"DEBUG=1",
					"$(inherited)",
				);
				INFOPLIST_FILE = PostcardTests/Info.plist;
				LD_RUNPATH_SEARCH_PATHS = "$(inherited) @executable_path/Frameworks @loader_path/Frameworks";
				PRODUCT_NAME = "$(TARGET_NAME)";
				TEST_HOST = "$(BUILT_PRODUCTS_DIR)/Postcard.app/Postcard";
			};
			name = Debug;
		};
		CC2EEB4D19C2385D00A72CB1 /* Release */ = {
			isa = XCBuildConfiguration;
			buildSettings = {
				BUNDLE_LOADER = "$(TEST_HOST)";
				FRAMEWORK_SEARCH_PATHS = (
					"$(SDKROOT)/Developer/Library/Frameworks",
					"$(inherited)",
				);
				INFOPLIST_FILE = PostcardTests/Info.plist;
				LD_RUNPATH_SEARCH_PATHS = "$(inherited) @executable_path/Frameworks @loader_path/Frameworks";
				PRODUCT_NAME = "$(TARGET_NAME)";
				TEST_HOST = "$(BUILT_PRODUCTS_DIR)/Postcard.app/Postcard";
			};
			name = Release;
		};
/* End XCBuildConfiguration section */

/* Begin XCConfigurationList section */
		CC2EEB2719C2385C00A72CB1 /* Build configuration list for PBXProject "Postcard" */ = {
			isa = XCConfigurationList;
			buildConfigurations = (
				CC2EEB4619C2385D00A72CB1 /* Debug */,
				CC2EEB4719C2385D00A72CB1 /* Release */,
			);
			defaultConfigurationIsVisible = 0;
			defaultConfigurationName = Release;
		};
		CC2EEB4819C2385D00A72CB1 /* Build configuration list for PBXNativeTarget "Postcard" */ = {
			isa = XCConfigurationList;
			buildConfigurations = (
				CC2EEB4919C2385D00A72CB1 /* Debug */,
				CC2EEB4A19C2385D00A72CB1 /* Release */,
			);
			defaultConfigurationIsVisible = 0;
		};
		CC2EEB4B19C2385D00A72CB1 /* Build configuration list for PBXNativeTarget "PostcardTests" */ = {
			isa = XCConfigurationList;
			buildConfigurations = (
				CC2EEB4C19C2385D00A72CB1 /* Debug */,
				CC2EEB4D19C2385D00A72CB1 /* Release */,
			);
			defaultConfigurationIsVisible = 0;
		};
/* End XCConfigurationList section */
	};
	rootObject = CC2EEB2419C2385C00A72CB1 /* Project object */;
}
